
Microsoft Visual Studio Solution File, Format Version 12.00
# Visual Studio Version 17
VisualStudioVersion = 17.0.31903.59
MinimumVisualStudioVersion = 10.0.40219.1
Project("{9A19103F-16F7-4668-BE54-9A1E7A4F7556}") = "UserManager.WebAPI", "UserManager.WebAPI\UserManager.WebAPI.csproj", "{5C1056B1-DB5C-4636-9273-41C83D52A1CB}"
EndProject
Project("{9A19103F-16F7-4668-BE54-9A1E7A4F7556}") = "UserManager.Domain", "UserManager.Domain\UserManager.Domain.csproj", "{44E2BE04-BA32-481E-9559-554B89629450}"
EndProject
Project("{FAE04EC0-301F-11D3-BF4B-00C04F79EFBC}") = "UserManager.Infrastructure", "UserManager.Infrastructure\UserManager.Infrastructure.csproj", "{8088ADD8-B9C3-40E9-92E1-92B741DAAA7E}"
EndProject
Global
	GlobalSection(SolutionConfigurationPlatforms) = preSolution
		Debug|Any CPU = Debug|Any CPU
		Release|Any CPU = Release|Any CPU
	EndGlobalSection
	GlobalSection(ProjectConfigurationPlatforms) = postSolution
		{5C1056B1-DB5C-4636-9273-41C83D52A1CB}.Debug|Any CPU.ActiveCfg = Debug|Any CPU
		{5C1056B1-DB5C-4636-9273-41C83D52A1CB}.Debug|Any CPU.Build.0 = Debug|Any CPU
		{5C1056B1-DB5C-4636-9273-41C83D52A1CB}.Release|Any CPU.ActiveCfg = Release|Any CPU
		{5C1056B1-DB5C-4636-9273-41C83D52A1CB}.Release|Any CPU.Build.0 = Release|Any CPU
		{44E2BE04-BA32-481E-9559-554B89629450}.Debug|Any CPU.ActiveCfg = Debug|Any CPU
		{44E2BE04-BA32-481E-9559-554B89629450}.Debug|Any CPU.Build.0 = Debug|Any CPU
		{44E2BE04-BA32-481E-9559-554B89629450}.Release|Any CPU.ActiveCfg = Release|Any CPU
		{44E2BE04-BA32-481E-9559-554B89629450}.Release|Any CPU.Build.0 = Release|Any CPU
		{8088ADD8-B9C3-40E9-92E1-92B741DAAA7E}.Debug|Any CPU.ActiveCfg = Debug|Any CPU
		{8088ADD8-B9C3-40E9-92E1-92B741DAAA7E}.Debug|Any CPU.Build.0 = Debug|Any CPU
		{8088ADD8-B9C3-40E9-92E1-92B741DAAA7E}.Release|Any CPU.ActiveCfg = Release|Any CPU
		{8088ADD8-B9C3-40E9-92E1-92B741DAAA7E}.Release|Any CPU.Build.0 = Release|Any CPU
	EndGlobalSection
	GlobalSection(SolutionProperties) = preSolution
		HideSolutionNode = FALSE
	EndGlobalSection
	GlobalSection(ExtensibilityGlobals) = postSolution
		SolutionGuid = {E015E0FE-0FC7-49BF-89E2-B4D959B87104}
	EndGlobalSection
EndGlobal
